
Microsoft Visual Studio Solution File, Format Version 12.00
# Visual Studio Version 17
VisualStudioVersion = 17.2.32516.85
MinimumVisualStudioVersion = 10.0.40219.1
Project("{2150E333-8FDC-42A3-9474-1A3956D46DE8}") = "WithoutPackage", "WithoutPackage", "{E289A3CD-E6BC-44B1-AD6D-1EC6F4C7D8CE}"
EndProject
Project("{9A19103F-16F7-4668-BE54-9A1E7A4F7556}") = "AzureFunctionWithoutPackagePackage", "WithoutPackage\AzureFunctionWithoutPackage\AzureFunctionWithoutPackagePackage.csproj", "{50C3802D-AD0A-42D6-AF80-C9570EF43584}"
EndProject
Project("{2150E333-8FDC-42A3-9474-1A3956D46DE8}") = "WithPackage", "WithPackage", "{D2322854-FC8F-43B7-ACA5-4218E3432D2E}"
EndProject
Project("{9A19103F-16F7-4668-BE54-9A1E7A4F7556}") = "AzureFunctionAsPackage", "WithPackage\AzureFunctionAsPackage\AzureFunctionAsPackage.csproj", "{76723C68-D1EE-41B2-85F2-DFB8ABE506C9}"
EndProject
Project("{FAE04EC0-301F-11D3-BF4B-00C04F79EFBC}") = "HealthAzureFunctions", "WithPackage\HealthAzureFunctions\HealthAzureFunctions.csproj", "{537290BE-F74E-4725-A936-A6FB87E21473}"
EndProject
Global
	GlobalSection(SolutionConfigurationPlatforms) = preSolution
		Debug|Any CPU = Debug|Any CPU
		Release|Any CPU = Release|Any CPU
	EndGlobalSection
	GlobalSection(ProjectConfigurationPlatforms) = postSolution
		{50C3802D-AD0A-42D6-AF80-C9570EF43584}.Debug|Any CPU.ActiveCfg = Debug|Any CPU
		{50C3802D-AD0A-42D6-AF80-C9570EF43584}.Debug|Any CPU.Build.0 = Debug|Any CPU
		{50C3802D-AD0A-42D6-AF80-C9570EF43584}.Release|Any CPU.ActiveCfg = Release|Any CPU
		{50C3802D-AD0A-42D6-AF80-C9570EF43584}.Release|Any CPU.Build.0 = Release|Any CPU
		{76723C68-D1EE-41B2-85F2-DFB8ABE506C9}.Debug|Any CPU.ActiveCfg = Debug|Any CPU
		{76723C68-D1EE-41B2-85F2-DFB8ABE506C9}.Debug|Any CPU.Build.0 = Debug|Any CPU
		{76723C68-D1EE-41B2-85F2-DFB8ABE506C9}.Release|Any CPU.ActiveCfg = Release|Any CPU
		{76723C68-D1EE-41B2-85F2-DFB8ABE506C9}.Release|Any CPU.Build.0 = Release|Any CPU
		{537290BE-F74E-4725-A936-A6FB87E21473}.Debug|Any CPU.ActiveCfg = Debug|Any CPU
		{537290BE-F74E-4725-A936-A6FB87E21473}.Debug|Any CPU.Build.0 = Debug|Any CPU
		{537290BE-F74E-4725-A936-A6FB87E21473}.Release|Any CPU.ActiveCfg = Release|Any CPU
		{537290BE-F74E-4725-A936-A6FB87E21473}.Release|Any CPU.Build.0 = Release|Any CPU
	EndGlobalSection
	GlobalSection(SolutionProperties) = preSolution
		HideSolutionNode = FALSE
	EndGlobalSection
	GlobalSection(NestedProjects) = preSolution
		{50C3802D-AD0A-42D6-AF80-C9570EF43584} = {E289A3CD-E6BC-44B1-AD6D-1EC6F4C7D8CE}
		{76723C68-D1EE-41B2-85F2-DFB8ABE506C9} = {D2322854-FC8F-43B7-ACA5-4218E3432D2E}
		{537290BE-F74E-4725-A936-A6FB87E21473} = {D2322854-FC8F-43B7-ACA5-4218E3432D2E}
	EndGlobalSection
	GlobalSection(ExtensibilityGlobals) = postSolution
		SolutionGuid = {85D6B5A6-9355-4CE5-8845-EB9B24AF158C}
	EndGlobalSection
EndGlobal
